
Microsoft Visual Studio Solution File, Format Version 12.00
# Visual Studio Version 17
VisualStudioVersion = 17.7.34202.233
MinimumVisualStudioVersion = 10.0.40219.1
Project("{8BC9CEB8-8B4A-11D0-8D11-00A0C91BC942}") = "Week-1", "CGS\CGS.vcxproj", "{9A84E419-F032-4593-AFF4-C381B3D2634A}"
EndProject
Project("{8BC9CEB8-8B4A-11D0-8D11-00A0C91BC942}") = "Week-2", "Week2\Week2.vcxproj", "{AB0604FD-9D2B-4A3C-9305-5905F4680E39}"
EndProject
Project("{8BC9CEB8-8B4A-11D0-8D11-00A0C91BC942}") = "Week-3", "Week-3\Week-3.vcxproj", "{DEE229EC-4255-4573-85E5-B1D4B6880A0B}"
EndProject
Project("{8BC9CEB8-8B4A-11D0-8D11-00A0C91BC942}") = "Week-4", "Week-4\Week-4.vcxproj", "{1749665A-30CC-49C7-B7B1-B1B0B0CFD9CF}"
EndProject
Project("{8BC9CEB8-8B4A-11D0-8D11-00A0C91BC942}") = "Week-5", "Week-5\Week-5.vcxproj", "{54033132-098B-4C8B-95FE-D6DA7E1F799B}"
EndProject
Project("{8BC9CEB8-8B4A-11D0-8D11-00A0C91BC942}") = "Week-6", "Week-6\Week-6.vcxproj", "{13CCCA12-2B42-4D08-B5ED-756D80006621}"
EndProject
Project("{8BC9CEB8-8B4A-11D0-8D11-00A0C91BC942}") = "Week-7", "Week-7\Week-7.vcxproj", "{AC0B5D1A-1DB7-419E-AC65-6388E9D07B83}"
EndProject
Project("{8BC9CEB8-8B4A-11D0-8D11-00A0C91BC942}") = "LevelEditor", "LevelEditor\LevelEditor.vcxproj", "{3BF03859-C930-4AEB-A9CA-F203FBD2432D}"
EndProject
Project("{8BC9CEB8-8B4A-11D0-8D11-00A0C91BC942}") = "Week-8", "Week-8\Week-8.vcxproj", "{6D51545A-8FB9-425D-9239-109D80DF59F0}"
EndProject
Global
	GlobalSection(SolutionConfigurationPlatforms) = preSolution
		Debug|Any CPU = Debug|Any CPU
		Debug|x64 = Debug|x64
		Debug|x86 = Debug|x86
		Release|Any CPU = Release|Any CPU
		Release|x64 = Release|x64
		Release|x86 = Release|x86
	EndGlobalSection
	GlobalSection(ProjectConfigurationPlatforms) = postSolution
		{9A84E419-F032-4593-AFF4-C381B3D2634A}.Debug|Any CPU.ActiveCfg = Debug|x64
		{9A84E419-F032-4593-AFF4-C381B3D2634A}.Debug|Any CPU.Build.0 = Debug|x64
		{9A84E419-F032-4593-AFF4-C381B3D2634A}.Debug|x64.ActiveCfg = Debug|x64
		{9A84E419-F032-4593-AFF4-C381B3D2634A}.Debug|x64.Build.0 = Debug|x64
		{9A84E419-F032-4593-AFF4-C381B3D2634A}.Debug|x86.ActiveCfg = Debug|Win32
		{9A84E419-F032-4593-AFF4-C381B3D2634A}.Debug|x86.Build.0 = Debug|Win32
		{9A84E419-F032-4593-AFF4-C381B3D2634A}.Release|Any CPU.ActiveCfg = Release|x64
		{9A84E419-F032-4593-AFF4-C381B3D2634A}.Release|Any CPU.Build.0 = Release|x64
		{9A84E419-F032-4593-AFF4-C381B3D2634A}.Release|x64.ActiveCfg = Release|x64
		{9A84E419-F032-4593-AFF4-C381B3D2634A}.Release|x64.Build.0 = Release|x64
		{9A84E419-F032-4593-AFF4-C381B3D2634A}.Release|x86.ActiveCfg = Release|Win32
		{9A84E419-F032-4593-AFF4-C381B3D2634A}.Release|x86.Build.0 = Release|Win32
		{AB0604FD-9D2B-4A3C-9305-5905F4680E39}.Debug|Any CPU.ActiveCfg = Debug|x64
		{AB0604FD-9D2B-4A3C-9305-5905F4680E39}.Debug|Any CPU.Build.0 = Debug|x64
		{AB0604FD-9D2B-4A3C-9305-5905F4680E39}.Debug|x64.ActiveCfg = Debug|x64
		{AB0604FD-9D2B-4A3C-9305-5905F4680E39}.Debug|x64.Build.0 = Debug|x64
		{AB0604FD-9D2B-4A3C-9305-5905F4680E39}.Debug|x86.ActiveCfg = Debug|Win32
		{AB0604FD-9D2B-4A3C-9305-5905F4680E39}.Debug|x86.Build.0 = Debug|Win32
		{AB0604FD-9D2B-4A3C-9305-5905F4680E39}.Release|Any CPU.ActiveCfg = Release|x64
		{AB0604FD-9D2B-4A3C-9305-5905F4680E39}.Release|Any CPU.Build.0 = Release|x64
		{AB0604FD-9D2B-4A3C-9305-5905F4680E39}.Release|x64.ActiveCfg = Release|x64
		{AB0604FD-9D2B-4A3C-9305-5905F4680E39}.Release|x64.Build.0 = Release|x64
		{AB0604FD-9D2B-4A3C-9305-5905F4680E39}.Release|x86.ActiveCfg = Release|Win32
		{AB0604FD-9D2B-4A3C-9305-5905F4680E39}.Release|x86.Build.0 = Release|Win32
		{DEE229EC-4255-4573-85E5-B1D4B6880A0B}.Debug|Any CPU.ActiveCfg = Debug|x64
		{DEE229EC-4255-4573-85E5-B1D4B6880A0B}.Debug|Any CPU.Build.0 = Debug|x64
		{DEE229EC-4255-4573-85E5-B1D4B6880A0B}.Debug|x64.ActiveCfg = Debug|x64
		{DEE229EC-4255-4573-85E5-B1D4B6880A0B}.Debug|x64.Build.0 = Debug|x64
		{DEE229EC-4255-4573-85E5-B1D4B6880A0B}.Debug|x86.ActiveCfg = Debug|Win32
		{DEE229EC-4255-4573-85E5-B1D4B6880A0B}.Debug|x86.Build.0 = Debug|Win32
		{DEE229EC-4255-4573-85E5-B1D4B6880A0B}.Release|Any CPU.ActiveCfg = Release|x64
		{DEE229EC-4255-4573-85E5-B1D4B6880A0B}.Release|Any CPU.Build.0 = Release|x64
		{DEE229EC-4255-4573-85E5-B1D4B6880A0B}.Release|x64.ActiveCfg = Release|x64
		{DEE229EC-4255-4573-85E5-B1D4B6880A0B}.Release|x64.Build.0 = Release|x64
		{DEE229EC-4255-4573-85E5-B1D4B6880A0B}.Release|x86.ActiveCfg = Release|Win32
		{DEE229EC-4255-4573-85E5-B1D4B6880A0B}.Release|x86.Build.0 = Release|Win32
		{1749665A-30CC-49C7-B7B1-B1B0B0CFD9CF}.Debug|Any CPU.ActiveCfg = Debug|x64
		{1749665A-30CC-49C7-B7B1-B1B0B0CFD9CF}.Debug|Any CPU.Build.0 = Debug|x64
		{1749665A-30CC-49C7-B7B1-B1B0B0CFD9CF}.Debug|x64.ActiveCfg = Debug|x64
		{1749665A-30CC-49C7-B7B1-B1B0B0CFD9CF}.Debug|x64.Build.0 = Debug|x64
		{1749665A-30CC-49C7-B7B1-B1B0B0CFD9CF}.Debug|x86.ActiveCfg = Debug|Win32
		{1749665A-30CC-49C7-B7B1-B1B0B0CFD9CF}.Debug|x86.Build.0 = Debug|Win32
		{1749665A-30CC-49C7-B7B1-B1B0B0CFD9CF}.Release|Any CPU.ActiveCfg = Release|x64
		{1749665A-30CC-49C7-B7B1-B1B0B0CFD9CF}.Release|Any CPU.Build.0 = Release|x64
		{1749665A-30CC-49C7-B7B1-B1B0B0CFD9CF}.Release|x64.ActiveCfg = Release|x64
		{1749665A-30CC-49C7-B7B1-B1B0B0CFD9CF}.Release|x64.Build.0 = Release|x64
		{1749665A-30CC-49C7-B7B1-B1B0B0CFD9CF}.Release|x86.ActiveCfg = Release|Win32
		{1749665A-30CC-49C7-B7B1-B1B0B0CFD9CF}.Release|x86.Build.0 = Release|Win32
		{54033132-098B-4C8B-95FE-D6DA7E1F799B}.Debug|Any CPU.ActiveCfg = Debug|x64
		{54033132-098B-4C8B-95FE-D6DA7E1F799B}.Debug|Any CPU.Build.0 = Debug|x64
		{54033132-098B-4C8B-95FE-D6DA7E1F799B}.Debug|x64.ActiveCfg = Debug|x64
		{54033132-098B-4C8B-95FE-D6DA7E1F799B}.Debug|x64.Build.0 = Debug|x64
		{54033132-098B-4C8B-95FE-D6DA7E1F799B}.Debug|x86.ActiveCfg = Debug|Win32
		{54033132-098B-4C8B-95FE-D6DA7E1F799B}.Debug|x86.Build.0 = Debug|Win32
		{54033132-098B-4C8B-95FE-D6DA7E1F799B}.Release|Any CPU.ActiveCfg = Release|x64
		{54033132-098B-4C8B-95FE-D6DA7E1F799B}.Release|Any CPU.Build.0 = Release|x64
		{54033132-098B-4C8B-95FE-D6DA7E1F799B}.Release|x64.ActiveCfg = Release|x64
		{54033132-098B-4C8B-95FE-D6DA7E1F799B}.Release|x64.Build.0 = Release|x64
		{54033132-098B-4C8B-95FE-D6DA7E1F799B}.Release|x86.ActiveCfg = Release|Win32
		{54033132-098B-4C8B-95FE-D6DA7E1F799B}.Release|x86.Build.0 = Release|Win32
		{13CCCA12-2B42-4D08-B5ED-756D80006621}.Debug|Any CPU.ActiveCfg = Debug|x64
		{13CCCA12-2B42-4D08-B5ED-756D80006621}.Debug|Any CPU.Build.0 = Debug|x64
		{13CCCA12-2B42-4D08-B5ED-756D80006621}.Debug|x64.ActiveCfg = Debug|x64
		{13CCCA12-2B42-4D08-B5ED-756D80006621}.Debug|x64.Build.0 = Debug|x64
		{13CCCA12-2B42-4D08-B5ED-756D80006621}.Debug|x86.ActiveCfg = Debug|Win32
		{13CCCA12-2B42-4D08-B5ED-756D80006621}.Debug|x86.Build.0 = Debug|Win32
		{13CCCA12-2B42-4D08-B5ED-756D80006621}.Release|Any CPU.ActiveCfg = Release|x64
		{13CCCA12-2B42-4D08-B5ED-756D80006621}.Release|Any CPU.Build.0 = Release|x64
		{13CCCA12-2B42-4D08-B5ED-756D80006621}.Release|x64.ActiveCfg = Release|x64
		{13CCCA12-2B42-4D08-B5ED-756D80006621}.Release|x64.Build.0 = Release|x64
		{13CCCA12-2B42-4D08-B5ED-756D80006621}.Release|x86.ActiveCfg = Release|Win32
		{13CCCA12-2B42-4D08-B5ED-756D80006621}.Release|x86.Build.0 = Release|Win32
		{AC0B5D1A-1DB7-419E-AC65-6388E9D07B83}.Debug|Any CPU.ActiveCfg = Debug|x64
		{AC0B5D1A-1DB7-419E-AC65-6388E9D07B83}.Debug|Any CPU.Build.0 = Debug|x64
		{AC0B5D1A-1DB7-419E-AC65-6388E9D07B83}.Debug|x64.ActiveCfg = Debug|x64
		{AC0B5D1A-1DB7-419E-AC65-6388E9D07B83}.Debug|x64.Build.0 = Debug|x64
		{AC0B5D1A-1DB7-419E-AC65-6388E9D07B83}.Debug|x86.ActiveCfg = Debug|Win32
		{AC0B5D1A-1DB7-419E-AC65-6388E9D07B83}.Debug|x86.Build.0 = Debug|Win32
		{AC0B5D1A-1DB7-419E-AC65-6388E9D07B83}.Release|Any CPU.ActiveCfg = Release|x64
		{AC0B5D1A-1DB7-419E-AC65-6388E9D07B83}.Release|Any CPU.Build.0 = Release|x64
		{AC0B5D1A-1DB7-419E-AC65-6388E9D07B83}.Release|x64.ActiveCfg = Release|x64
		{AC0B5D1A-1DB7-419E-AC65-6388E9D07B83}.Release|x64.Build.0 = Release|x64
		{AC0B5D1A-1DB7-419E-AC65-6388E9D07B83}.Release|x86.ActiveCfg = Release|Win32
		{AC0B5D1A-1DB7-419E-AC65-6388E9D07B83}.Release|x86.Build.0 = Release|Win32
		{3BF03859-C930-4AEB-A9CA-F203FBD2432D}.Debug|Any CPU.ActiveCfg = Debug|x64
		{3BF03859-C930-4AEB-A9CA-F203FBD2432D}.Debug|Any CPU.Build.0 = Debug|x64
		{3BF03859-C930-4AEB-A9CA-F203FBD2432D}.Debug|x64.ActiveCfg = Debug|x64
		{3BF03859-C930-4AEB-A9CA-F203FBD2432D}.Debug|x64.Build.0 = Debug|x64
		{3BF03859-C930-4AEB-A9CA-F203FBD2432D}.Debug|x86.ActiveCfg = Debug|Win32
		{3BF03859-C930-4AEB-A9CA-F203FBD2432D}.Debug|x86.Build.0 = Debug|Win32
		{3BF03859-C930-4AEB-A9CA-F203FBD2432D}.Release|Any CPU.ActiveCfg = Release|x64
		{3BF03859-C930-4AEB-A9CA-F203FBD2432D}.Release|Any CPU.Build.0 = Release|x64
		{3BF03859-C930-4AEB-A9CA-F203FBD2432D}.Release|x64.ActiveCfg = Release|x64
		{3BF03859-C930-4AEB-A9CA-F203FBD2432D}.Release|x64.Build.0 = Release|x64
		{3BF03859-C930-4AEB-A9CA-F203FBD2432D}.Release|x86.ActiveCfg = Release|Win32
		{3BF03859-C930-4AEB-A9CA-F203FBD2432D}.Release|x86.Build.0 = Release|Win32
		{6D51545A-8FB9-425D-9239-109D80DF59F0}.Debug|Any CPU.ActiveCfg = Debug|x64
		{6D51545A-8FB9-425D-9239-109D80DF59F0}.Debug|Any CPU.Build.0 = Debug|x64
		{6D51545A-8FB9-425D-9239-109D80DF59F0}.Debug|x64.ActiveCfg = Debug|x64
		{6D51545A-8FB9-425D-9239-109D80DF59F0}.Debug|x64.Build.0 = Debug|x64
		{6D51545A-8FB9-425D-9239-109D80DF59F0}.Debug|x86.ActiveCfg = Debug|Win32
		{6D51545A-8FB9-425D-9239-109D80DF59F0}.Debug|x86.Build.0 = Debug|Win32
		{6D51545A-8FB9-425D-9239-109D80DF59F0}.Release|Any CPU.ActiveCfg = Release|x64
		{6D51545A-8FB9-425D-9239-109D80DF59F0}.Release|Any CPU.Build.0 = Release|x64
		{6D51545A-8FB9-425D-9239-109D80DF59F0}.Release|x64.ActiveCfg = Release|x64
		{6D51545A-8FB9-425D-9239-109D80DF59F0}.Release|x64.Build.0 = Release|x64
		{6D51545A-8FB9-425D-9239-109D80DF59F0}.Release|x86.ActiveCfg = Release|Win32
		{6D51545A-8FB9-425D-9239-109D80DF59F0}.Release|x86.Build.0 = Release|Win32
	EndGlobalSection
	GlobalSection(SolutionProperties) = preSolution
		HideSolutionNode = FALSE
	EndGlobalSection
	GlobalSection(ExtensibilityGlobals) = postSolution
		SolutionGuid = {F679B6C4-E2EB-4BFF-8414-E5A6E7290B06}
	EndGlobalSection
EndGlobal
